
Microsoft Visual Studio Solution File, Format Version 12.00
# Visual Studio Version 16
VisualStudioVersion = 16.0.29009.5
MinimumVisualStudioVersion = 10.0.40219.1
Project("{FAE04EC0-301F-11D3-BF4B-00C04F79EFBC}") = "N8Technologies.FroniusClient", "N8Technologies.FroniusClient\N8Technologies.FroniusClient.csproj", "{A219B56D-FA79-41F3-9699-3124BA2F3F86}"
EndProject
Project("{FAE04EC0-301F-11D3-BF4B-00C04F79EFBC}") = "N8Technologies.FroniusClient.Test", "N8Technologies.FroniusClient.Test\N8Technologies.FroniusClient.Test.csproj", "{F069EC49-6031-4D5B-B969-9188A5B4ADC5}"
EndProject
Global
	GlobalSection(SolutionConfigurationPlatforms) = preSolution
		Debug|Any CPU = Debug|Any CPU
		Release|Any CPU = Release|Any CPU
	EndGlobalSection
	GlobalSection(ProjectConfigurationPlatforms) = postSolution
		{A219B56D-FA79-41F3-9699-3124BA2F3F86}.Debug|Any CPU.ActiveCfg = Debug|Any CPU
		{A219B56D-FA79-41F3-9699-3124BA2F3F86}.Debug|Any CPU.Build.0 = Debug|Any CPU
		{A219B56D-FA79-41F3-9699-3124BA2F3F86}.Release|Any CPU.ActiveCfg = Release|Any CPU
		{A219B56D-FA79-41F3-9699-3124BA2F3F86}.Release|Any CPU.Build.0 = Release|Any CPU
		{F069EC49-6031-4D5B-B969-9188A5B4ADC5}.Debug|Any CPU.ActiveCfg = Debug|Any CPU
		{F069EC49-6031-4D5B-B969-9188A5B4ADC5}.Debug|Any CPU.Build.0 = Debug|Any CPU
		{F069EC49-6031-4D5B-B969-9188A5B4ADC5}.Release|Any CPU.ActiveCfg = Release|Any CPU
		{F069EC49-6031-4D5B-B969-9188A5B4ADC5}.Release|Any CPU.Build.0 = Release|Any CPU
	EndGlobalSection
	GlobalSection(SolutionProperties) = preSolution
		HideSolutionNode = FALSE
	EndGlobalSection
	GlobalSection(ExtensibilityGlobals) = postSolution
		SolutionGuid = {75BAA430-1F45-43B4-88EF-A48E9D99A604}
	EndGlobalSection
EndGlobal
